
Microsoft Visual Studio Solution File, Format Version 12.00
# Visual Studio 15
VisualStudioVersion = 15.0.27004.2009
MinimumVisualStudioVersion = 10.0.40219.1
Project("{FAE04EC0-301F-11D3-BF4B-00C04F79EFBC}") = "SiteScraper", "SiteScraper\SiteScraper.csproj", "{FE3CA9B4-131B-47FC-B9AC-D463D6DE4826}"
EndProject
Project("{FAE04EC0-301F-11D3-BF4B-00C04F79EFBC}") = "WebScraper.Lib", "WebScraper.Lib\WebScraper.Lib.csproj", "{FC0618DB-81CC-4F09-8436-F9FCD9337A2B}"
EndProject
Global
	GlobalSection(SolutionConfigurationPlatforms) = preSolution
		Debug|Any CPU = Debug|Any CPU
		Release|Any CPU = Release|Any CPU
	EndGlobalSection
	GlobalSection(ProjectConfigurationPlatforms) = postSolution
		{FE3CA9B4-131B-47FC-B9AC-D463D6DE4826}.Debug|Any CPU.ActiveCfg = Debug|Any CPU
		{FE3CA9B4-131B-47FC-B9AC-D463D6DE4826}.Debug|Any CPU.Build.0 = Debug|Any CPU
		{FE3CA9B4-131B-47FC-B9AC-D463D6DE4826}.Release|Any CPU.ActiveCfg = Release|Any CPU
		{FE3CA9B4-131B-47FC-B9AC-D463D6DE4826}.Release|Any CPU.Build.0 = Release|Any CPU
		{FC0618DB-81CC-4F09-8436-F9FCD9337A2B}.Debug|Any CPU.ActiveCfg = Debug|Any CPU
		{FC0618DB-81CC-4F09-8436-F9FCD9337A2B}.Debug|Any CPU.Build.0 = Debug|Any CPU
		{FC0618DB-81CC-4F09-8436-F9FCD9337A2B}.Release|Any CPU.ActiveCfg = Release|Any CPU
		{FC0618DB-81CC-4F09-8436-F9FCD9337A2B}.Release|Any CPU.Build.0 = Release|Any CPU
	EndGlobalSection
	GlobalSection(SolutionProperties) = preSolution
		HideSolutionNode = FALSE
	EndGlobalSection
	GlobalSection(ExtensibilityGlobals) = postSolution
		SolutionGuid = {C292D7A0-B1BC-408F-9B0A-4698656E1E61}
	EndGlobalSection
EndGlobal
